
Microsoft Visual Studio Solution File, Format Version 12.00
# Visual Studio 15
Project("{FAE04EC0-301F-11D3-BF4B-00C04F79EFBC}") = "Assembly-CSharp", "Assembly-CSharp.csproj", "{8DA5A2DF-D082-0B8E-5D5A-A667D4090AE3}"
EndProject
Project("{FAE04EC0-301F-11D3-BF4B-00C04F79EFBC}") = "Assembly-CSharp-Editor", "Assembly-CSharp-Editor.csproj", "{E8195265-2B70-0A0F-BE6E-C55598DD665A}"
EndProject
Global
	GlobalSection(SolutionConfigurationPlatforms) = preSolution
		Debug|Any CPU = Debug|Any CPU
		Release|Any CPU = Release|Any CPU
	EndGlobalSection
	GlobalSection(ProjectConfigurationPlatforms) = postSolution
		{8DA5A2DF-D082-0B8E-5D5A-A667D4090AE3}.Debug|Any CPU.ActiveCfg = Debug|Any CPU
		{8DA5A2DF-D082-0B8E-5D5A-A667D4090AE3}.Debug|Any CPU.Build.0 = Debug|Any CPU
		{8DA5A2DF-D082-0B8E-5D5A-A667D4090AE3}.Release|Any CPU.ActiveCfg = Release|Any CPU
		{8DA5A2DF-D082-0B8E-5D5A-A667D4090AE3}.Release|Any CPU.Build.0 = Release|Any CPU
		{E8195265-2B70-0A0F-BE6E-C55598DD665A}.Debug|Any CPU.ActiveCfg = Debug|Any CPU
		{E8195265-2B70-0A0F-BE6E-C55598DD665A}.Debug|Any CPU.Build.0 = Debug|Any CPU
		{E8195265-2B70-0A0F-BE6E-C55598DD665A}.Release|Any CPU.ActiveCfg = Release|Any CPU
		{E8195265-2B70-0A0F-BE6E-C55598DD665A}.Release|Any CPU.Build.0 = Release|Any CPU
	EndGlobalSection
	GlobalSection(SolutionProperties) = preSolution
		HideSolutionNode = FALSE
	EndGlobalSection
EndGlobal
